lockfile_version: '1'
apm_version: 0.31.0
dependencies:
- repo_url: boykush/ai-plugins
  name: adr-remote-mcp
  host: github.com
  resolved_commit: 2c6adc3d77734b72a9882d8c8184b8c8c016e332
  resolved_ref: 2c6adc3d77734b72a9882d8c8184b8c8c016e332
  version: 0.1.0
  virtual_path: plugins/adr-remote-mcp
  is_virtual: true
  package_type: apm_package
  deployed_files:
  - .agents/skills/ade-rule-dsl
  - .agents/skills/ade-rule-dsl/SKILL.md
  - .agents/skills/ade-rule-dsl/references/LICENSE
  - .agents/skills/ade-rule-dsl/references/dsl-reference.md
  - .agents/skills/adr-check
  - .agents/skills/adr-check/SKILL.md
  - .agents/skills/adr-review
  - .agents/skills/adr-review/SKILL.md
  - .claude/skills/ade-rule-dsl
  - .claude/skills/ade-rule-dsl/SKILL.md
  - .claude/skills/ade-rule-dsl/references/LICENSE
  - .claude/skills/ade-rule-dsl/references/dsl-reference.md
  - .claude/skills/adr-check
  - .claude/skills/adr-check/SKILL.md
  - .claude/skills/adr-review
  - .claude/skills/adr-review/SKILL.md
  deployed_file_hashes:
    .agents/skills/ade-rule-dsl/SKILL.md: sha256:77acc0d7a76a8504fe6f8e938386bae8e9894b9474ba1beac96eb88f4272ad6e
    .agents/skills/ade-rule-dsl/references/LICENSE: sha256:c71d239df91726fc519c6eb72d318ec65820627232b2f796219e87dcf35d0ab4
    .agents/skills/ade-rule-dsl/references/dsl-reference.md: sha256:f1902a0e36446191ca0bdfe6542360c58ff3374e4285fec3a2c87f119ae42a84
    .agents/skills/adr-check/SKILL.md: sha256:0a96dea6cda4f3dc8e3a570befa669a5d81e506960ad19e4b61325a5c409b26d
    .agents/skills/adr-review/SKILL.md: sha256:7db35c60c4f6922baaf1118445ef6282dc4ed01454ea1ebab4ef6f358790eb67
    .claude/skills/ade-rule-dsl/SKILL.md: sha256:77acc0d7a76a8504fe6f8e938386bae8e9894b9474ba1beac96eb88f4272ad6e
    .claude/skills/ade-rule-dsl/references/LICENSE: sha256:c71d239df91726fc519c6eb72d318ec65820627232b2f796219e87dcf35d0ab4
    .claude/skills/ade-rule-dsl/references/dsl-reference.md: sha256:f1902a0e36446191ca0bdfe6542360c58ff3374e4285fec3a2c87f119ae42a84
    .claude/skills/adr-check/SKILL.md: sha256:0a96dea6cda4f3dc8e3a570befa669a5d81e506960ad19e4b61325a5c409b26d
    .claude/skills/adr-review/SKILL.md: sha256:7db35c60c4f6922baaf1118445ef6282dc4ed01454ea1ebab4ef6f358790eb67
  content_hash: sha256:c0afe43bc905f9f6c56e6120468c8886b623b605b158fdf8c36512440d7f7ffc
deployments:
- kind: project-relative
  target: claude
  value: .claude/skills/ade-rule-dsl
  runtime: null
  scope: project
  owners:
  - boykush/ai-plugins/plugins/adr-remote-mcp
  active_owner: boykush/ai-plugins/plugins/adr-remote-mcp
  content_hash: null
- kind: project-relative
  target: claude
  value: .claude/skills/ade-rule-dsl/SKILL.md
  runtime: null
  scope: project
  owners:
  - boykush/ai-plugins/plugins/adr-remote-mcp
  active_owner: boykush/ai-plugins/plugins/adr-remote-mcp
  content_hash: sha256:77acc0d7a76a8504fe6f8e938386bae8e9894b9474ba1beac96eb88f4272ad6e
- kind: project-relative
  target: claude
  value: .claude/skills/ade-rule-dsl/references/LICENSE
  runtime: null
  scope: project
  owners:
  - boykush/ai-plugins/plugins/adr-remote-mcp
  active_owner: boykush/ai-plugins/plugins/adr-remote-mcp
  content_hash: sha256:c71d239df91726fc519c6eb72d318ec65820627232b2f796219e87dcf35d0ab4
- kind: project-relative
  target: claude
  value: .claude/skills/ade-rule-dsl/references/dsl-reference.md
  runtime: null
  scope: project
  owners:
  - boykush/ai-plugins/plugins/adr-remote-mcp
  active_owner: boykush/ai-plugins/plugins/adr-remote-mcp
  content_hash: sha256:f1902a0e36446191ca0bdfe6542360c58ff3374e4285fec3a2c87f119ae42a84
- kind: project-relative
  target: claude
  value: .claude/skills/adr-check
  runtime: null
  scope: project
  owners:
  - boykush/ai-plugins/plugins/adr-remote-mcp
  active_owner: boykush/ai-plugins/plugins/adr-remote-mcp
  content_hash: null
- kind: project-relative
  target: claude
  value: .claude/skills/adr-check/SKILL.md
  runtime: null
  scope: project
  owners:
  - boykush/ai-plugins/plugins/adr-remote-mcp
  active_owner: boykush/ai-plugins/plugins/adr-remote-mcp
  content_hash: sha256:0a96dea6cda4f3dc8e3a570befa669a5d81e506960ad19e4b61325a5c409b26d
- kind: project-relative
  target: claude
  value: .claude/skills/adr-review
  runtime: null
  scope: project
  owners:
  - boykush/ai-plugins/plugins/adr-remote-mcp
  active_owner: boykush/ai-plugins/plugins/adr-remote-mcp
  content_hash: null
- kind: project-relative
  target: claude
  value: .claude/skills/adr-review/SKILL.md
  runtime: null
  scope: project
  owners:
  - boykush/ai-plugins/plugins/adr-remote-mcp
  active_owner: boykush/ai-plugins/plugins/adr-remote-mcp
  content_hash: sha256:7db35c60c4f6922baaf1118445ef6282dc4ed01454ea1ebab4ef6f358790eb67
- kind: project-relative
  target: claude
  value: .claude/skills/doc-update
  runtime: null
  scope: project
  owners:
  - .
  active_owner: .
  content_hash: null
- kind: project-relative
  target: claude
  value: .claude/skills/doc-update/SKILL.md
  runtime: null
  scope: project
  owners:
  - .
  active_owner: .
  content_hash: sha256:3799d7b8ff782173d1a57d1ccb78c735170c80d057c893488fee0aa365c3cf8f
- kind: project-relative
  target: claude
  value: .claude/skills/release
  runtime: null
  scope: project
  owners:
  - .
  active_owner: .
  content_hash: null
- kind: project-relative
  target: claude
  value: .claude/skills/release/SKILL.md
  runtime: null
  scope: project
  owners:
  - .
  active_owner: .
  content_hash: sha256:63dade74759d5e5a7f49d53032fd84b2e436337e186d3966b6cef20532746569
- kind: project-relative
  target: codex
  value: .agents/skills/ade-rule-dsl
  runtime: null
  scope: project
  owners:
  - boykush/ai-plugins/plugins/adr-remote-mcp
  active_owner: boykush/ai-plugins/plugins/adr-remote-mcp
  content_hash: null
- kind: project-relative
  target: codex
  value: .agents/skills/ade-rule-dsl/SKILL.md
  runtime: null
  scope: project
  owners:
  - boykush/ai-plugins/plugins/adr-remote-mcp
  active_owner: boykush/ai-plugins/plugins/adr-remote-mcp
  content_hash: sha256:77acc0d7a76a8504fe6f8e938386bae8e9894b9474ba1beac96eb88f4272ad6e
- kind: project-relative
  target: codex
  value: .agents/skills/ade-rule-dsl/references/LICENSE
  runtime: null
  scope: project
  owners:
  - boykush/ai-plugins/plugins/adr-remote-mcp
  active_owner: boykush/ai-plugins/plugins/adr-remote-mcp
  content_hash: sha256:c71d239df91726fc519c6eb72d318ec65820627232b2f796219e87dcf35d0ab4
- kind: project-relative
  target: codex
  value: .agents/skills/ade-rule-dsl/references/dsl-reference.md
  runtime: null
  scope: project
  owners:
  - boykush/ai-plugins/plugins/adr-remote-mcp
  active_owner: boykush/ai-plugins/plugins/adr-remote-mcp
  content_hash: sha256:f1902a0e36446191ca0bdfe6542360c58ff3374e4285fec3a2c87f119ae42a84
- kind: project-relative
  target: codex
  value: .agents/skills/adr-check
  runtime: null
  scope: project
  owners:
  - boykush/ai-plugins/plugins/adr-remote-mcp
  active_owner: boykush/ai-plugins/plugins/adr-remote-mcp
  content_hash: null
- kind: project-relative
  target: codex
  value: .agents/skills/adr-check/SKILL.md
  runtime: null
  scope: project
  owners:
  - boykush/ai-plugins/plugins/adr-remote-mcp
  active_owner: boykush/ai-plugins/plugins/adr-remote-mcp
  content_hash: sha256:0a96dea6cda4f3dc8e3a570befa669a5d81e506960ad19e4b61325a5c409b26d
- kind: project-relative
  target: codex
  value: .agents/skills/adr-review
  runtime: null
  scope: project
  owners:
  - boykush/ai-plugins/plugins/adr-remote-mcp
  active_owner: boykush/ai-plugins/plugins/adr-remote-mcp
  content_hash: null
- kind: project-relative
  target: codex
  value: .agents/skills/adr-review/SKILL.md
  runtime: null
  scope: project
  owners:
  - boykush/ai-plugins/plugins/adr-remote-mcp
  active_owner: boykush/ai-plugins/plugins/adr-remote-mcp
  content_hash: sha256:7db35c60c4f6922baaf1118445ef6282dc4ed01454ea1ebab4ef6f358790eb67
- kind: project-relative
  target: legacy
  value: .agents/skills/doc-update
  runtime: null
  scope: project
  owners:
  - .
  active_owner: .
  content_hash: null
- kind: project-relative
  target: legacy
  value: .agents/skills/doc-update/SKILL.md
  runtime: null
  scope: project
  owners:
  - .
  active_owner: .
  content_hash: sha256:3799d7b8ff782173d1a57d1ccb78c735170c80d057c893488fee0aa365c3cf8f
- kind: project-relative
  target: legacy
  value: .agents/skills/release
  runtime: null
  scope: project
  owners:
  - .
  active_owner: .
  content_hash: null
- kind: project-relative
  target: legacy
  value: .agents/skills/release/SKILL.md
  runtime: null
  scope: project
  owners:
  - .
  active_owner: .
  content_hash: sha256:63dade74759d5e5a7f49d53032fd84b2e436337e186d3966b6cef20532746569
- kind: uri
  target: lsp
  value: rust-analyzer
  runtime: claude
  scope: project
  owners:
  - .
  active_owner: .
  content_hash: null
- kind: uri
  target: mcp
  value: adr
  runtime: claude
  scope: project
  owners:
  - .
  active_owner: .
  content_hash: null
- kind: uri
  target: mcp
  value: adr
  runtime: codex
  scope: project
  owners:
  - .
  active_owner: .
  content_hash: null
mcp_servers:
- adr
mcp_configs:
  adr:
    name: adr
    transport: http
    registry: false
    url: https://adr-mcp.boykush.com/mcp
mcp_target_servers:
  claude:
  - adr
  codex:
  - adr
mcp_config_provenance:
  adr: adr-remote-mcp
lsp_servers:
- rust-analyzer
lsp_configs:
  rust-analyzer:
    name: rust-analyzer
    command: rust-analyzer
    extensionToLanguage:
      .rs: rust
lsp_target_servers:
  claude:
  - rust-analyzer
lsp_config_provenance:
  rust-analyzer: project:.
local_deployed_files:
- .agents/skills/doc-update
- .agents/skills/doc-update/SKILL.md
- .agents/skills/release
- .agents/skills/release/SKILL.md
- .claude/skills/doc-update
- .claude/skills/doc-update/SKILL.md
- .claude/skills/release
- .claude/skills/release/SKILL.md
local_deployed_file_hashes:
  .agents/skills/doc-update/SKILL.md: sha256:3799d7b8ff782173d1a57d1ccb78c735170c80d057c893488fee0aa365c3cf8f
  .agents/skills/release/SKILL.md: sha256:63dade74759d5e5a7f49d53032fd84b2e436337e186d3966b6cef20532746569
  .claude/skills/doc-update/SKILL.md: sha256:3799d7b8ff782173d1a57d1ccb78c735170c80d057c893488fee0aa365c3cf8f
  .claude/skills/release/SKILL.md: sha256:63dade74759d5e5a7f49d53032fd84b2e436337e186d3966b6cef20532746569
