lockfile_version: '1'
apm_version: 0.31.0
dependencies:
- repo_url: boykush/ai-plugins
  name: adr-remote-mcp
  host: github.com
  resolved_commit: 0a6dd936c8be229cae095eaf40c0170db59bf45b
  resolved_ref: 0a6dd936c8be229cae095eaf40c0170db59bf45b
  version: 0.1.0
  virtual_path: plugins/adr-remote-mcp
  is_virtual: true
  package_type: apm_package
  deployed_files:
  - .agents/skills/ade-rule-dsl
  - .agents/skills/ade-rule-dsl/SKILL.md
  - .agents/skills/ade-rule-dsl/references/LICENSE
  - .agents/skills/ade-rule-dsl/references/dsl-reference.md
  - .claude/skills/ade-rule-dsl
  - .claude/skills/ade-rule-dsl/SKILL.md
  - .claude/skills/ade-rule-dsl/references/LICENSE
  - .claude/skills/ade-rule-dsl/references/dsl-reference.md
  deployed_file_hashes:
    .agents/skills/ade-rule-dsl/SKILL.md: sha256:77acc0d7a76a8504fe6f8e938386bae8e9894b9474ba1beac96eb88f4272ad6e
    .agents/skills/ade-rule-dsl/references/LICENSE: sha256:c71d239df91726fc519c6eb72d318ec65820627232b2f796219e87dcf35d0ab4
    .agents/skills/ade-rule-dsl/references/dsl-reference.md: sha256:f1902a0e36446191ca0bdfe6542360c58ff3374e4285fec3a2c87f119ae42a84
    .claude/skills/ade-rule-dsl/SKILL.md: sha256:77acc0d7a76a8504fe6f8e938386bae8e9894b9474ba1beac96eb88f4272ad6e
    .claude/skills/ade-rule-dsl/references/LICENSE: sha256:c71d239df91726fc519c6eb72d318ec65820627232b2f796219e87dcf35d0ab4
    .claude/skills/ade-rule-dsl/references/dsl-reference.md: sha256:f1902a0e36446191ca0bdfe6542360c58ff3374e4285fec3a2c87f119ae42a84
  content_hash: sha256:d10ac5ae6d1ae738a2706ab92bd3136b1d8dbb17382996c92ded71c947bfd589
deployments:
- kind: project-relative
  target: claude
  value: .claude/skills/ade-rule-dsl
  runtime: null
  scope: project
  owners:
  - boykush/ai-plugins/plugins/adr-remote-mcp
  active_owner: boykush/ai-plugins/plugins/adr-remote-mcp
  content_hash: null
- kind: project-relative
  target: claude
  value: .claude/skills/ade-rule-dsl/SKILL.md
  runtime: null
  scope: project
  owners:
  - boykush/ai-plugins/plugins/adr-remote-mcp
  active_owner: boykush/ai-plugins/plugins/adr-remote-mcp
  content_hash: sha256:77acc0d7a76a8504fe6f8e938386bae8e9894b9474ba1beac96eb88f4272ad6e
- kind: project-relative
  target: claude
  value: .claude/skills/ade-rule-dsl/references/LICENSE
  runtime: null
  scope: project
  owners:
  - boykush/ai-plugins/plugins/adr-remote-mcp
  active_owner: boykush/ai-plugins/plugins/adr-remote-mcp
  content_hash: sha256:c71d239df91726fc519c6eb72d318ec65820627232b2f796219e87dcf35d0ab4
- kind: project-relative
  target: claude
  value: .claude/skills/ade-rule-dsl/references/dsl-reference.md
  runtime: null
  scope: project
  owners:
  - boykush/ai-plugins/plugins/adr-remote-mcp
  active_owner: boykush/ai-plugins/plugins/adr-remote-mcp
  content_hash: sha256:f1902a0e36446191ca0bdfe6542360c58ff3374e4285fec3a2c87f119ae42a84
- kind: project-relative
  target: claude
  value: .claude/skills/doc-update
  runtime: null
  scope: project
  owners:
  - .
  active_owner: .
  content_hash: null
- kind: project-relative
  target: claude
  value: .claude/skills/doc-update/SKILL.md
  runtime: null
  scope: project
  owners:
  - .
  active_owner: .
  content_hash: sha256:3799d7b8ff782173d1a57d1ccb78c735170c80d057c893488fee0aa365c3cf8f
- kind: project-relative
  target: claude
  value: .claude/skills/release
  runtime: null
  scope: project
  owners:
  - .
  active_owner: .
  content_hash: null
- kind: project-relative
  target: claude
  value: .claude/skills/release/SKILL.md
  runtime: null
  scope: project
  owners:
  - .
  active_owner: .
  content_hash: sha256:a20897a726fbeb37b1befb42d66e5828efe642692a771c170b57e24749fdfcfa
- kind: project-relative
  target: codex
  value: .agents/skills/ade-rule-dsl
  runtime: null
  scope: project
  owners:
  - boykush/ai-plugins/plugins/adr-remote-mcp
  active_owner: boykush/ai-plugins/plugins/adr-remote-mcp
  content_hash: null
- kind: project-relative
  target: codex
  value: .agents/skills/ade-rule-dsl/SKILL.md
  runtime: null
  scope: project
  owners:
  - boykush/ai-plugins/plugins/adr-remote-mcp
  active_owner: boykush/ai-plugins/plugins/adr-remote-mcp
  content_hash: sha256:77acc0d7a76a8504fe6f8e938386bae8e9894b9474ba1beac96eb88f4272ad6e
- kind: project-relative
  target: codex
  value: .agents/skills/ade-rule-dsl/references/LICENSE
  runtime: null
  scope: project
  owners:
  - boykush/ai-plugins/plugins/adr-remote-mcp
  active_owner: boykush/ai-plugins/plugins/adr-remote-mcp
  content_hash: sha256:c71d239df91726fc519c6eb72d318ec65820627232b2f796219e87dcf35d0ab4
- kind: project-relative
  target: codex
  value: .agents/skills/ade-rule-dsl/references/dsl-reference.md
  runtime: null
  scope: project
  owners:
  - boykush/ai-plugins/plugins/adr-remote-mcp
  active_owner: boykush/ai-plugins/plugins/adr-remote-mcp
  content_hash: sha256:f1902a0e36446191ca0bdfe6542360c58ff3374e4285fec3a2c87f119ae42a84
- kind: project-relative
  target: legacy
  value: .agents/skills/doc-update
  runtime: null
  scope: project
  owners:
  - .
  active_owner: .
  content_hash: null
- kind: project-relative
  target: legacy
  value: .agents/skills/doc-update/SKILL.md
  runtime: null
  scope: project
  owners:
  - .
  active_owner: .
  content_hash: sha256:3799d7b8ff782173d1a57d1ccb78c735170c80d057c893488fee0aa365c3cf8f
- kind: project-relative
  target: legacy
  value: .agents/skills/release
  runtime: null
  scope: project
  owners:
  - .
  active_owner: .
  content_hash: null
- kind: project-relative
  target: legacy
  value: .agents/skills/release/SKILL.md
  runtime: null
  scope: project
  owners:
  - .
  active_owner: .
  content_hash: sha256:a20897a726fbeb37b1befb42d66e5828efe642692a771c170b57e24749fdfcfa
- kind: uri
  target: lsp
  value: rust-analyzer
  runtime: claude
  scope: project
  owners:
  - .
  active_owner: .
  content_hash: null
- kind: uri
  target: mcp
  value: adr
  runtime: claude
  scope: project
  owners:
  - .
  active_owner: .
  content_hash: null
- kind: uri
  target: mcp
  value: adr
  runtime: codex
  scope: project
  owners:
  - .
  active_owner: .
  content_hash: null
mcp_servers:
- adr
mcp_configs:
  adr:
    name: adr
    transport: http
    registry: false
    url: https://adr-mcp.boykush.com/mcp
mcp_target_servers:
  claude:
  - adr
  codex:
  - adr
mcp_config_provenance:
  adr: adr-remote-mcp
lsp_servers:
- rust-analyzer
lsp_configs:
  rust-analyzer:
    name: rust-analyzer
    command: rust-analyzer
    extensionToLanguage:
      .rs: rust
lsp_target_servers:
  claude:
  - rust-analyzer
lsp_config_provenance:
  rust-analyzer: project:.
local_deployed_files:
- .agents/skills/doc-update
- .agents/skills/doc-update/SKILL.md
- .agents/skills/release
- .agents/skills/release/SKILL.md
- .claude/skills/doc-update
- .claude/skills/doc-update/SKILL.md
- .claude/skills/release
- .claude/skills/release/SKILL.md
local_deployed_file_hashes:
  .agents/skills/doc-update/SKILL.md: sha256:3799d7b8ff782173d1a57d1ccb78c735170c80d057c893488fee0aa365c3cf8f
  .agents/skills/release/SKILL.md: sha256:a20897a726fbeb37b1befb42d66e5828efe642692a771c170b57e24749fdfcfa
  .claude/skills/doc-update/SKILL.md: sha256:3799d7b8ff782173d1a57d1ccb78c735170c80d057c893488fee0aa365c3cf8f
  .claude/skills/release/SKILL.md: sha256:a20897a726fbeb37b1befb42d66e5828efe642692a771c170b57e24749fdfcfa
